
Microsoft Visual Studio Solution File, Format Version 12.00
# Visual Studio Version 17
VisualStudioVersion = 17.3.32804.467
MinimumVisualStudioVersion = 10.0.40219.1
Project("{FAE04EC0-301F-11D3-BF4B-00C04F79EFBC}") = "lista simples", "lista simples\lista simples.csproj", "{DE4F9EC1-FB9A-40B5-B0EA-6E277FB26E65}"
EndProject
Global
	GlobalSection(SolutionConfigurationPlatforms) = preSolution
		Debug|Any CPU = Debug|Any CPU
		Release|Any CPU = Release|Any CPU
	EndGlobalSection
	GlobalSection(ProjectConfigurationPlatforms) = postSolution
		{DE4F9EC1-FB9A-40B5-B0EA-6E277FB26E65}.Debug|Any CPU.ActiveCfg = Debug|Any CPU
		{DE4F9EC1-FB9A-40B5-B0EA-6E277FB26E65}.Debug|Any CPU.Build.0 = Debug|Any CPU
		{DE4F9EC1-FB9A-40B5-B0EA-6E277FB26E65}.Release|Any CPU.ActiveCfg = Release|Any CPU
		{DE4F9EC1-FB9A-40B5-B0EA-6E277FB26E65}.Release|Any CPU.Build.0 = Release|Any CPU
	EndGlobalSection
	GlobalSection(SolutionProperties) = preSolution
		HideSolutionNode = FALSE
	EndGlobalSection
	GlobalSection(ExtensibilityGlobals) = postSolution
		SolutionGuid = {A6219CC6-83C9-437B-B55C-CC2FE7A4F209}
	EndGlobalSection
EndGlobal
